{
  "name": "staff-iam",
  "version": "1.0.0",
  "lockfileVersion": 3,
  "requires": true,
  "packages": {
    "": {
      "name": "staff-iam",
      "version": "1.0.0",
      "dependencies": {
        "channels": "^0.0.4"
      },
      "devDependencies": {
        "@prettier/plugin-ruby": "^4.0.4",
        "prettier": "^3.6.2"
      }
    },
    "node_modules/@prettier/plugin-ruby": {
      "version": "4.0.4",
      "resolved": "https://registry.npmjs.org/@prettier/plugin-ruby/-/plugin-ruby-4.0.4.tgz",
      "integrity": "sha512-lCpvfS/dQU5WrwN3AQ5vR8qrvj2h5gE41X08NNzAAXvHdM4zwwGRcP2sHSxfu6n6No+ljWCVx95NvJPFTTjCTg==",
      "dev": true,
      "license": "MIT",
      "peerDependencies": {
        "prettier": "^3.0.0"
      }
    },
    "node_modules/channels": {
      "version": "0.0.4",
      "resolved": "https://registry.npmjs.org/channels/-/channels-0.0.4.tgz",
      "integrity": "sha512-4zRxUJ/sN+GmA0NeB1wIBA8xzU6C30FsGkSIWob7OLIQVwMKE/ct9n3RLfq8XiLUpafK5gWg7+HuUVzXMXYqVw=="
    },
    "node_modules/prettier": {
      "version": "3.6.2",
      "resolved": "https://registry.npmjs.org/prettier/-/prettier-3.6.2.tgz",
      "integrity": "sha512-I7AIg5boAr5R0FFtJ6rCfD+LFsWHp81dolrFD8S79U9tb8Az2nGrJncnMSnys+bpQJfRUzqs9hnA81OAA3hCuQ==",
      "dev": true,
      "license": "MIT",
      "bin": {
        "prettier": "bin/prettier.cjs"
      },
      "engines": {
        "node": ">=14"
      },
      "funding": {
        "url": "https://github.com/prettier/prettier?sponsor=1"
      }
    },
    "node_modules/prettier-plugin-ruby": {
      "version": "0.3.1",
      "resolved": "https://registry.npmjs.org/prettier-plugin-ruby/-/prettier-plugin-ruby-0.3.1.tgz",
      "integrity": "sha512-ASJ+YpeFeSiHEU2eR1goWLqusRqSIpb2J9Fsh6loDJ8lx09peKKoV6w5ZnO5ggHBz5UHyd2HNe8Wr1gApSXXHA==",
      "deprecated": "Please migrate over to using @prettier/plugin-ruby",
      "dev": true,
      "license": "MIT",
      "dependencies": {
        "prettier": "^1.16.4"
      }
    },
    "node_modules/prettier-plugin-ruby/node_modules/prettier": {
      "version": "1.19.1",
      "resolved": "https://registry.npmjs.org/prettier/-/prettier-1.19.1.tgz",
      "integrity": "sha512-s7PoyDv/II1ObgQunCbB9PdLmUcBZcnWOcxDh7O0N/UwDEsHyqkW+Qh28jW+mVuCdx7gLB0BotYI1Y6uI9iyew==",
      "dev": true,
      "license": "MIT",
      "bin": {
        "prettier": "bin-prettier.js"
      },
      "engines": {
        "node": ">=4"
      }
    }
  }
}
